
Microsoft Visual Studio Solution File, Format Version 12.00
# Visual Studio Version 17
VisualStudioVersion = 17.14.36623.8 d17.14
MinimumVisualStudioVersion = 10.0.40219.1
Project("{FAE04EC0-301F-11D3-BF4B-00C04F79EFBC}") = "GestaoCondominios", "GestaoCondominios\GestaoCondominios.csproj", "{A680D7EF-974C-48DF-A9AB-E8C90CB7DEF7}"
EndProject
Project("{FAE04EC0-301F-11D3-BF4B-00C04F79EFBC}") = "Teste", "Teste\Teste.csproj", "{FC899BD0-1E18-47F8-BADE-F094A0765017}"
	ProjectSection(ProjectDependencies) = postProject
		{A680D7EF-974C-48DF-A9AB-E8C90CB7DEF7} = {A680D7EF-974C-48DF-A9AB-E8C90CB7DEF7}
	EndProjectSection
EndProject
Global
	GlobalSection(SolutionConfigurationPlatforms) = preSolution
		Debug|Any CPU = Debug|Any CPU
		Release|Any CPU = Release|Any CPU
	EndGlobalSection
	GlobalSection(ProjectConfigurationPlatforms) = postSolution
		{A680D7EF-974C-48DF-A9AB-E8C90CB7DEF7}.Debug|Any CPU.ActiveCfg = Debug|Any CPU
		{A680D7EF-974C-48DF-A9AB-E8C90CB7DEF7}.Debug|Any CPU.Build.0 = Debug|Any CPU
		{A680D7EF-974C-48DF-A9AB-E8C90CB7DEF7}.Release|Any CPU.ActiveCfg = Release|Any CPU
		{A680D7EF-974C-48DF-A9AB-E8C90CB7DEF7}.Release|Any CPU.Build.0 = Release|Any CPU
		{FC899BD0-1E18-47F8-BADE-F094A0765017}.Debug|Any CPU.ActiveCfg = Debug|Any CPU
		{FC899BD0-1E18-47F8-BADE-F094A0765017}.Debug|Any CPU.Build.0 = Debug|Any CPU
		{FC899BD0-1E18-47F8-BADE-F094A0765017}.Release|Any CPU.ActiveCfg = Release|Any CPU
		{FC899BD0-1E18-47F8-BADE-F094A0765017}.Release|Any CPU.Build.0 = Release|Any CPU
	EndGlobalSection
	GlobalSection(SolutionProperties) = preSolution
		HideSolutionNode = FALSE
	EndGlobalSection
	GlobalSection(ExtensibilityGlobals) = postSolution
		SolutionGuid = {F9865938-A6CA-435C-99A1-22DFFDD7C117}
	EndGlobalSection
EndGlobal
